
Microsoft Visual Studio Solution File, Format Version 12.00
# Visual Studio Version 17
VisualStudioVersion = 17.13.35818.85
MinimumVisualStudioVersion = 10.0.40219.1
Project("{FAE04EC0-301F-11D3-BF4B-00C04F79EFBC}") = "SolutionCore", "SolutionCore\SolutionCore.csproj", "{C55EA32A-CF47-47F2-9A76-5FCA646C4809}"
EndProject
Project("{FAE04EC0-301F-11D3-BF4B-00C04F79EFBC}") = "FaceMesh", "FaceMesh\FaceMesh.csproj", "{5C136D1F-98E9-420B-B885-8ECB52EF23FB}"
EndProject
Project("{FAE04EC0-301F-11D3-BF4B-00C04F79EFBC}") = "FaceDetection", "FaceDetection\FaceDetection.csproj", "{01BF496E-1B00-41E6-8CDA-9F903A6B8DC1}"
EndProject
Project("{FAE04EC0-301F-11D3-BF4B-00C04F79EFBC}") = "Hands", "Hands\Hands.csproj", "{2C4F04B5-0764-4B02-A4C4-06EA17D94CE2}"
EndProject
Global
	GlobalSection(SolutionConfigurationPlatforms) = preSolution
		Debug|Any CPU = Debug|Any CPU
		Release|Any CPU = Release|Any CPU
	EndGlobalSection
	GlobalSection(ProjectConfigurationPlatforms) = postSolution
		{C55EA32A-CF47-47F2-9A76-5FCA646C4809}.Debug|Any CPU.ActiveCfg = Debug|Any CPU
		{C55EA32A-CF47-47F2-9A76-5FCA646C4809}.Debug|Any CPU.Build.0 = Debug|Any CPU
		{C55EA32A-CF47-47F2-9A76-5FCA646C4809}.Release|Any CPU.ActiveCfg = Release|Any CPU
		{C55EA32A-CF47-47F2-9A76-5FCA646C4809}.Release|Any CPU.Build.0 = Release|Any CPU
		{5C136D1F-98E9-420B-B885-8ECB52EF23FB}.Debug|Any CPU.ActiveCfg = Debug|Any CPU
		{5C136D1F-98E9-420B-B885-8ECB52EF23FB}.Debug|Any CPU.Build.0 = Debug|Any CPU
		{5C136D1F-98E9-420B-B885-8ECB52EF23FB}.Release|Any CPU.ActiveCfg = Release|Any CPU
		{5C136D1F-98E9-420B-B885-8ECB52EF23FB}.Release|Any CPU.Build.0 = Release|Any CPU
		{01BF496E-1B00-41E6-8CDA-9F903A6B8DC1}.Debug|Any CPU.ActiveCfg = Debug|Any CPU
		{01BF496E-1B00-41E6-8CDA-9F903A6B8DC1}.Debug|Any CPU.Build.0 = Debug|Any CPU
		{01BF496E-1B00-41E6-8CDA-9F903A6B8DC1}.Release|Any CPU.ActiveCfg = Release|Any CPU
		{01BF496E-1B00-41E6-8CDA-9F903A6B8DC1}.Release|Any CPU.Build.0 = Release|Any CPU
		{2C4F04B5-0764-4B02-A4C4-06EA17D94CE2}.Debug|Any CPU.ActiveCfg = Debug|Any CPU
		{2C4F04B5-0764-4B02-A4C4-06EA17D94CE2}.Debug|Any CPU.Build.0 = Debug|Any CPU
		{2C4F04B5-0764-4B02-A4C4-06EA17D94CE2}.Release|Any CPU.ActiveCfg = Release|Any CPU
		{2C4F04B5-0764-4B02-A4C4-06EA17D94CE2}.Release|Any CPU.Build.0 = Release|Any CPU
	EndGlobalSection
	GlobalSection(SolutionProperties) = preSolution
		HideSolutionNode = FALSE
	EndGlobalSection
	GlobalSection(ExtensibilityGlobals) = postSolution
		SolutionGuid = {E3A41E0C-8290-4C42-89DC-ECDA9B54D73B}
	EndGlobalSection
EndGlobal
